
Microsoft Visual Studio Solution File, Format Version 12.00
# Visual Studio Version 17
VisualStudioVersion = 17.8.34330.188
MinimumVisualStudioVersion = 10.0.40219.1
Project("{9A19103F-16F7-4668-BE54-9A1E7A4F7556}") = "USER.MANAGMENT.API", "USER.MANAGMENT.API\USER.MANAGMENT.API.csproj", "{45505905-4A31-48B2-AA38-D02DF9DDA2D6}"
EndProject
Project("{FAE04EC0-301F-11D3-BF4B-00C04F79EFBC}") = "User.Management.Service", "User.Management.Service\User.Management.Service.csproj", "{2BB0B84F-AE22-438C-B805-E86F00D200EA}"
EndProject
Global
	GlobalSection(SolutionConfigurationPlatforms) = preSolution
		Debug|Any CPU = Debug|Any CPU
		Release|Any CPU = Release|Any CPU
	EndGlobalSection
	GlobalSection(ProjectConfigurationPlatforms) = postSolution
		{45505905-4A31-48B2-AA38-D02DF9DDA2D6}.Debug|Any CPU.ActiveCfg = Debug|Any CPU
		{45505905-4A31-48B2-AA38-D02DF9DDA2D6}.Debug|Any CPU.Build.0 = Debug|Any CPU
		{45505905-4A31-48B2-AA38-D02DF9DDA2D6}.Release|Any CPU.ActiveCfg = Release|Any CPU
		{45505905-4A31-48B2-AA38-D02DF9DDA2D6}.Release|Any CPU.Build.0 = Release|Any CPU
		{2BB0B84F-AE22-438C-B805-E86F00D200EA}.Debug|Any CPU.ActiveCfg = Debug|Any CPU
		{2BB0B84F-AE22-438C-B805-E86F00D200EA}.Debug|Any CPU.Build.0 = Debug|Any CPU
		{2BB0B84F-AE22-438C-B805-E86F00D200EA}.Release|Any CPU.ActiveCfg = Release|Any CPU
		{2BB0B84F-AE22-438C-B805-E86F00D200EA}.Release|Any CPU.Build.0 = Release|Any CPU
	EndGlobalSection
	GlobalSection(SolutionProperties) = preSolution
		HideSolutionNode = FALSE
	EndGlobalSection
	GlobalSection(ExtensibilityGlobals) = postSolution
		SolutionGuid = {50F449D4-A44C-4793-A220-3847C0A239EB}
	EndGlobalSection
EndGlobal
